{
  "nodes": {
    "crate2nix": {
      "flake": false,
      "locked": {
        "lastModified": 1636316693,
        "narHash": "sha256-WAxxfqPcFY2SFkgbUMnxMAIj3WbFf7Kw3622rYcz22I=",
        "owner": "kolloch",
        "repo": "crate2nix",
        "rev": "d0c00673bafbaa648e84fb7595a0e4cd84c3b18a",
        "type": "github"
      },
      "original": {
        "owner": "kolloch",
        "repo": "crate2nix",
        "type": "github"
      }
    },
    "mozilla": {
      "flake": false,
      "locked": {
        "lastModified": 1637337116,
        "narHash": "sha256-LKqAcdL+woWeYajs02bDQ7q8rsqgXuzhC354NoRaV80=",
        "owner": "mozilla",
        "repo": "nixpkgs-mozilla",
        "rev": "cbc7435f5b0b3d17b16fb1d20cf7b616eec5e093",
        "type": "github"
      },
      "original": {
        "owner": "mozilla",
        "repo": "nixpkgs-mozilla",
        "type": "github"
      }
    },
    "nixpkgs": {
      "locked": {
        "lastModified": 1638371214,
        "narHash": "sha256-0kE6KhgH7n0vyuX4aUoGsGIQOqjIx2fJavpCWtn73rc=",
        "owner": "nixos",
        "repo": "nixpkgs",
        "rev": "a640d8394f34714578f3e6335fc767d0755d78f9",
        "type": "github"
      },
      "original": {
        "owner": "nixos",
        "ref": "nixos-21.11",
        "repo": "nixpkgs",
        "type": "github"
      }
    },
    "root": {
      "inputs": {
        "crate2nix": "crate2nix",
        "mozilla": "mozilla",
        "nixpkgs": "nixpkgs"
      }
    }
  },
  "root": "root",
  "version": 7
}
